
Microsoft Visual Studio Solution File, Format Version 12.00
# Visual Studio Version 17
VisualStudioVersion = 17.9.34728.123
MinimumVisualStudioVersion = 10.0.40219.1
Project("{FAE04EC0-301F-11D3-BF4B-00C04F79EFBC}") = "PolimorfismoClase", "PolimorfismoClase\PolimorfismoClase.csproj", "{83655F38-20C8-4A7D-BAD0-54DBC47C15EC}"
EndProject
Global
	GlobalSection(SolutionConfigurationPlatforms) = preSolution
		Debug|Any CPU = Debug|Any CPU
		Release|Any CPU = Release|Any CPU
	EndGlobalSection
	GlobalSection(ProjectConfigurationPlatforms) = postSolution
		{83655F38-20C8-4A7D-BAD0-54DBC47C15EC}.Debug|Any CPU.ActiveCfg = Debug|Any CPU
		{83655F38-20C8-4A7D-BAD0-54DBC47C15EC}.Debug|Any CPU.Build.0 = Debug|Any CPU
		{83655F38-20C8-4A7D-BAD0-54DBC47C15EC}.Release|Any CPU.ActiveCfg = Release|Any CPU
		{83655F38-20C8-4A7D-BAD0-54DBC47C15EC}.Release|Any CPU.Build.0 = Release|Any CPU
	EndGlobalSection
	GlobalSection(SolutionProperties) = preSolution
		HideSolutionNode = FALSE
	EndGlobalSection
	GlobalSection(ExtensibilityGlobals) = postSolution
		SolutionGuid = {CDE736D0-3AC0-463E-8CF7-9F0B84FDCEEB}
	EndGlobalSection
EndGlobal
